// !$*UTF8*$!
{
	archiveVersion = 1;
	classes = {
	};
	objectVersion = 50;
	objects = {

/* Begin PBXBuildFile section */
		71FEA2F423D0ADEC002543FE /* AppDelegate.swift in Sources */ = {isa = PBXBuildFile; fileRef = 71FEA2F323D0ADEC002543FE /* AppDelegate.swift */; };
		71FEA2F623D0ADEC002543FE /* SceneDelegate.swift in Sources */ = {isa = PBXBuildFile; fileRef = 71FEA2F523D0ADEC002543FE /* SceneDelegate.swift */; };
		71FEA2F823D0ADEC002543FE /* ViewController.swift in Sources */ = {isa = PBXBuildFile; fileRef = 71FEA2F723D0ADEC002543FE /* ViewController.swift */; };
		71FEA2FB23D0ADEC002543FE /* Main.storyboard in Resources */ = {isa = PBXBuildFile; fileRef = 71FEA2F923D0ADEC002543FE /* Main.storyboard */; };
		71FEA2FE23D0ADEC002543FE /* Fakiti.xcdatamodeld in Sources */ = {isa = PBXBuildFile; fileRef = 71FEA2FC23D0ADEC002543FE /* Fakiti.xcdatamodeld */; };
		71FEA30023D0ADF0002543FE /* Assets.xcassets in Resources */ = {isa = PBXBuildFile; fileRef = 71FEA2FF23D0ADF0002543FE /* Assets.xcassets */; };
		71FEA30323D0ADF0002543FE /* LaunchScreen.storyboard in Resources */ = {isa = PBXBuildFile; fileRef = 71FEA30123D0ADF0002543FE /* LaunchScreen.storyboard */; };
		71FEA30E23D0ADF1002543FE /* FakitiTests.swift in Sources */ = {isa = PBXBuildFile; fileRef = 71FEA30D23D0ADF1002543FE /* FakitiTests.swift */; };
/* End PBXBuildFile section */

/* Begin PBXContainerItemProxy section */
		71FEA30A23D0ADF1002543FE /* PBXContainerItemProxy */ = {
			isa = PBXContainerItemProxy;
			containerPortal = 71FEA2E823D0ADEC002543FE /* Project object */;
			proxyType = 1;
			remoteGlobalIDString = 71FEA2EF23D0ADEC002543FE;
			remoteInfo = Fakiti;
		};
/* End PBXContainerItemProxy section */

/* Begin PBXFileReference section */
		71FEA2F023D0ADEC002543FE /* Fakiti.app */ = {isa = PBXFileReference; explicitFileType = wrapper.application; includeInIndex = 0; path = Fakiti.app; sourceTree = BUILT_PRODUCTS_DIR; };
		71FEA2F323D0ADEC002543FE /* AppDelegate.swift */ = {isa = PBXFileReference; lastKnownFileType = sourcecode.swift; path = AppDelegate.swift; sourceTree = "<group>"; };
		71FEA2F523D0ADEC002543FE /* SceneDelegate.swift */ = {isa = PBXFileReference; lastKnownFileType = sourcecode.swift; path = SceneDelegate.swift; sourceTree = "<group>"; };
		71FEA2F723D0ADEC002543FE /* ViewController.swift */ = {isa = PBXFileReference; lastKnownFileType = sourcecode.swift; path = ViewController.swift; sourceTree = "<group>"; };
		71FEA2FA23D0ADEC002543FE /* Base */ = {isa = PBXFileReference; lastKnownFileType = file.storyboard; name = Base; path = Base.lproj/Main.storyboard; sourceTree = "<group>"; };
		71FEA2FD23D0ADEC002543FE /* Fakiti.xcdatamodel */ = {isa = PBXFileReference; lastKnownFileType = wrapper.xcdatamodel; path = Fakiti.xcdatamodel; sourceTree = "<group>"; };
		71FEA2FF23D0ADF0002543FE /* Assets.xcassets */ = {isa = PBXFileReference; lastKnownFileType = folder.assetcatalog; path = Assets.xcassets; sourceTree = "<group>"; };
		71FEA30223D0ADF0002543FE /* Base */ = {isa = PBXFileReference; lastKnownFileType = file.storyboard; name = Base; path = Base.lproj/LaunchScreen.storyboard; sourceTree = "<group>"; };
		71FEA30423D0ADF0002543FE /* Info.plist */ = {isa = PBXFileReference; lastKnownFileType = text.plist.xml; path = Info.plist; sourceTree = "<group>"; };
		71FEA30923D0ADF1002543FE /* FakitiTests.xctest */ = {isa = PBXFileReference; explicitFileType = wrapper.cfbundle; includeInIndex = 0; path = FakitiTests.xctest; sourceTree = BUILT_PRODUCTS_DIR; };
		71FEA30D23D0ADF1002543FE /* FakitiTests.swift */ = {isa = PBXFileReference; lastKnownFileType = sourcecode.swift; path = FakitiTests.swift; sourceTree = "<group>"; };
		71FEA30F23D0ADF1002543FE /* Info.plist */ = {isa = PBXFileReference; lastKnownFileType = text.plist.xml; path = Info.plist; sourceTree = "<group>"; };
/* End PBXFileReference section */

/* Begin PBXFrameworksBuildPhase section */
		71FEA2ED23D0ADEC002543FE /* Frameworks */ = {
			isa = PBXFrameworksBuildPhase;
			buildActionMask = 2147483647;
			files = (
			);
			runOnlyForDeploymentPostprocessing = 0;
		};
		71FEA30623D0ADF1002543FE /* Frameworks */ = {
			isa = PBXFrameworksBuildPhase;
			buildActionMask = 2147483647;
			files = (
			);
			runOnlyForDeploymentPostprocessing = 0;
		};
/* End PBXFrameworksBuildPhase section */

/* Begin PBXGroup section */
		71FEA2E723D0ADEC002543FE = {
			isa = PBXGroup;
			children = (
				71FEA2F223D0ADEC002543FE /* Fakiti */,
				71FEA30C23D0ADF1002543FE /* FakitiTests */,
				71FEA2F123D0ADEC002543FE /* Products */,
			);
			sourceTree = "<group>";
		};
		71FEA2F123D0ADEC002543FE /* Products */ = {
			isa = PBXGroup;
			children = (
				71FEA2F023D0ADEC002543FE /* Fakiti.app */,
				71FEA30923D0ADF1002543FE /* FakitiTests.xctest */,
			);
			name = Products;
			sourceTree = "<group>";
		};
		71FEA2F223D0ADEC002543FE /* Fakiti */ = {
			isa = PBXGroup;
			children = (
				71FEA2F323D0ADEC002543FE /* AppDelegate.swift */,
				71FEA2F523D0ADEC002543FE /* SceneDelegate.swift */,
				71FEA2F723D0ADEC002543FE /* ViewController.swift */,
				71FEA2F923D0ADEC002543FE /* Main.storyboard */,
				71FEA2FF23D0ADF0002543FE /* Assets.xcassets */,
				71FEA30123D0ADF0002543FE /* LaunchScreen.storyboard */,
				71FEA30423D0ADF0002543FE /* Info.plist */,
				71FEA2FC23D0ADEC002543FE /* Fakiti.xcdatamodeld */,
			);
			path = Fakiti;
			sourceTree = "<group>";
		};
		71FEA30C23D0ADF1002543FE /* FakitiTests */ = {
			isa = PBXGroup;
			children = (
				71FEA30D23D0ADF1002543FE /* FakitiTests.swift */,
				71FEA30F23D0ADF1002543FE /* Info.plist */,
			);
			path = FakitiTests;
			sourceTree = "<group>";
		};
/* End PBXGroup section */

/* Begin PBXNativeTarget section */
		71FEA2EF23D0ADEC002543FE /* Fakiti */ = {
			isa = PBXNativeTarget;
			buildConfigurationList = 71FEA31223D0ADF1002543FE /* Build configuration list for PBXNativeTarget "Fakiti" */;
			buildPhases = (
				71FEA2EC23D0ADEC002543FE /* Sources */,
				71FEA2ED23D0ADEC002543FE /* Frameworks */,
				71FEA2EE23D0ADEC002543FE /* Resources */,
			);
			buildRules = (
			);
			dependencies = (
			);
			name = Fakiti;
			productName = Fakiti;
			productReference = 71FEA2F023D0ADEC002543FE /* Fakiti.app */;
			productType = "com.apple.product-type.application";
		};
		71FEA30823D0ADF1002543FE /* FakitiTests */ = {
			isa = PBXNativeTarget;
			buildConfigurationList = 71FEA31523D0ADF1002543FE /* Build configuration list for PBXNativeTarget "FakitiTests" */;
			buildPhases = (
				71FEA30523D0ADF1002543FE /* Sources */,
				71FEA30623D0ADF1002543FE /* Frameworks */,
				71FEA30723D0ADF1002543FE /* Resources */,
			);
			buildRules = (
			);
			dependencies = (
				71FEA30B23D0ADF1002543FE /* PBXTargetDependency */,
			);
			name = FakitiTests;
			productName = FakitiTests;
			productReference = 71FEA30923D0ADF1002543FE /* FakitiTests.xctest */;
			productType = "com.apple.product-type.bundle.unit-test";
		};
/* End PBXNativeTarget section */

/* Begin PBXProject section */
		71FEA2E823D0ADEC002543FE /* Project object */ = {
			isa = PBXProject;
			attributes = {
				LastSwiftUpdateCheck = 1120;
				LastUpgradeCheck = 1120;
				ORGANIZATIONNAME = "Stefan V. de Moraes";
				TargetAttributes = {
					71FEA2EF23D0ADEC002543FE = {
						CreatedOnToolsVersion = 11.2.1;
					};
					71FEA30823D0ADF1002543FE = {
						CreatedOnToolsVersion = 11.2.1;
						TestTargetID = 71FEA2EF23D0ADEC002543FE;
					};
				};
			};
			buildConfigurationList = 71FEA2EB23D0ADEC002543FE /* Build configuration list for PBXProject "Fakiti" */;
			compatibilityVersion = "Xcode 9.3";
			developmentRegion = en;
			hasScannedForEncodings = 0;
			knownRegions = (
				en,
				Base,
			);
			mainGroup = 71FEA2E723D0ADEC002543FE;
			productRefGroup = 71FEA2F123D0ADEC002543FE /* Products */;
			projectDirPath = "";
			projectRoot = "";
			targets = (
				71FEA2EF23D0ADEC002543FE /* Fakiti */,
				71FEA30823D0ADF1002543FE /* FakitiTests */,
			);
		};
/* End PBXProject section */

/* Begin PBXResourcesBuildPhase section */
		71FEA2EE23D0ADEC002543FE /* Resources */ = {
			isa = PBXResourcesBuildPhase;
			buildActionMask = 2147483647;
			files = (
				71FEA30323D0ADF0002543FE /* LaunchScreen.storyboard in Resources */,
				71FEA30023D0ADF0002543FE /* Assets.xcassets in Resources */,
				71FEA2FB23D0ADEC002543FE /* Main.storyboard in Resources */,
			);
			runOnlyForDeploymentPostprocessing = 0;
		};
		71FEA30723D0ADF1002543FE /* Resources */ = {
			isa = PBXResourcesBuildPhase;
			buildActionMask = 2147483647;
			files = (
			);
			runOnlyForDeploymentPostprocessing = 0;
		};
/* End PBXResourcesBuildPhase section */

/* Begin PBXSourcesBuildPhase section */
		71FEA2EC23D0ADEC002543FE /* Sources */ = {
			isa = PBXSourcesBuildPhase;
			buildActionMask = 2147483647;
			files = (
				71FEA2F823D0ADEC002543FE /* ViewController.swift in Sources */,
				71FEA2F423D0ADEC002543FE /* AppDelegate.swift in Sources */,
				71FEA2F623D0ADEC002543FE /* SceneDelegate.swift in Sources */,
				71FEA2FE23D0ADEC002543FE /* Fakiti.xcdatamodeld in Sources */,
			);
			runOnlyForDeploymentPostprocessing = 0;
		};
		71FEA30523D0ADF1002543FE /* Sources */ = {
			isa = PBXSourcesBuildPhase;
			buildActionMask = 2147483647;
			files = (
				71FEA30E23D0ADF1002543FE /* FakitiTests.swift in Sources */,
			);
			runOnlyForDeploymentPostprocessing = 0;
		};
/* End PBXSourcesBuildPhase section */

/* Begin PBXTargetDependency section */
		71FEA30B23D0ADF1002543FE /* PBXTargetDependency */ = {
			isa = PBXTargetDependency;
			target = 71FEA2EF23D0ADEC002543FE /* Fakiti */;
			targetProxy = 71FEA30A23D0ADF1002543FE /* PBXContainerItemProxy */;
		};
/* End PBXTargetDependency section */

/* Begin PBXVariantGroup section */
		71FEA2F923D0ADEC002543FE /* Main.storyboard */ = {
			isa = PBXVariantGroup;
			children = (
				71FEA2FA23D0ADEC002543FE /* Base */,
			);
			name = Main.storyboard;
			sourceTree = "<group>";
		};
		71FEA30123D0ADF0002543FE /* LaunchScreen.storyboard */ = {
			isa = PBXVariantGroup;
			children = (
				71FEA30223D0ADF0002543FE /* Base */,
			);
			name = LaunchScreen.storyboard;
			sourceTree = "<group>";
		};
/* End PBXVariantGroup section */

/* Begin XCBuildConfiguration section */
		71FEA31023D0ADF1002543FE /* Debug */ = {
			isa = XCBuildConfiguration;
			buildSettings = {
				ALWAYS_SEARCH_USER_PATHS = NO;
				CLANG_ANALYZER_NONNULL = YES;
				CLANG_ANALYZER_NUMBER_OBJECT_CONVERSION = YES_AGGRESSIVE;
				CLANG_CXX_LANGUAGE_STANDARD = "gnu++14";
				CLANG_CXX_LIBRARY = "libc++";
				CLANG_ENABLE_MODULES = YES;
				CLANG_ENABLE_OBJC_ARC = YES;
				CLANG_ENABLE_OBJC_WEAK = YES;
				CLANG_WARN_BLOCK_CAPTURE_AUTORELEASING = YES;
				CLANG_WARN_BOOL_CONVERSION = YES;
				CLANG_WARN_COMMA = YES;
				CLANG_WARN_CONSTANT_CONVERSION = YES;
				CLANG_WARN_DEPRECATED_OBJC_IMPLEMENTATIONS = YES;
				CLANG_WARN_DIRECT_OBJC_ISA_USAGE = YES_ERROR;
				CLANG_WARN_DOCUMENTATION_COMMENTS = YES;
				CLANG_WARN_EMPTY_BODY = YES;
				CLANG_WARN_ENUM_CONVERSION = YES;
				CLANG_WARN_INFINITE_RECURSION = YES;
				CLANG_WARN_INT_CONVERSION = YES;
				CLANG_WARN_NON_LITERAL_NULL_CONVERSION = YES;
				CLANG_WARN_OBJC_IMPLICIT_RETAIN_SELF = YES;
				CLANG_WARN_OBJC_LITERAL_CONVERSION = YES;
				CLANG_WARN_OBJC_ROOT_CLASS = YES_ERROR;
				CLANG_WARN_RANGE_LOOP_ANALYSIS = YES;
				CLANG_WARN_STRICT_PROTOTYPES = YES;
				CLANG_WARN_SUSPICIOUS_MOVE = YES;
				CLANG_WARN_UNGUARDED_AVAILABILITY = YES_AGGRESSIVE;
				CLANG_WARN_UNREACHABLE_CODE = YES;
				CLANG_WARN__DUPLICATE_METHOD_MATCH = YES;
				COPY_PHASE_STRIP = NO;
				DEBUG_INFORMATION_FORMAT = dwarf;
				ENABLE_STRICT_OBJC_MSGSEND = YES;
				ENABLE_TESTABILITY = YES;
				GCC_C_LANGUAGE_STANDARD = gnu11;
				GCC_DYNAMIC_NO_PIC = NO;
				GCC_NO_COMMON_BLOCKS = YES;
				GCC_OPTIMIZATION_LEVEL = 0;
				GCC_PREPROCESSOR_DEFINITIONS = (
					"DEBUG=1",
					"$(inherited)",
				);
				GCC_WARN_64_TO_32_BIT_CONVERSION = YES;
				GCC_WARN_ABOUT_RETURN_TYPE = YES_ERROR;
				GCC_WARN_UNDECLARED_SELECTOR = YES;
				GCC_WARN_UNINITIALIZED_AUTOS = YES_AGGRESSIVE;
				GCC_WARN_UNUSED_FUNCTION = YES;
				GCC_WARN_UNUSED_VARIABLE = YES;
				IPHONEOS_DEPLOYMENT_TARGET = 13.2;
				MTL_ENABLE_DEBUG_INFO = INCLUDE_SOURCE;
				MTL_FAST_MATH = YES;
				ONLY_ACTIVE_ARCH = YES;
				SDKROOT = iphoneos;
				SWIFT_ACTIVE_COMPILATION_CONDITIONS = DEBUG;
				SWIFT_OPTIMIZATION_LEVEL = "-Onone";
			};
			name = Debug;
		};
		71FEA31123D0ADF1002543FE /* Release */ = {
			isa = XCBuildConfiguration;
			buildSettings = {
				ALWAYS_SEARCH_USER_PATHS = NO;
				CLANG_ANALYZER_NONNULL = YES;
				CLANG_ANALYZER_NUMBER_OBJECT_CONVERSION = YES_AGGRESSIVE;
				CLANG_CXX_LANGUAGE_STANDARD = "gnu++14";
				CLANG_CXX_LIBRARY = "libc++";
				CLANG_ENABLE_MODULES = YES;
				CLANG_ENABLE_OBJC_ARC = YES;
				CLANG_ENABLE_OBJC_WEAK = YES;
				CLANG_WARN_BLOCK_CAPTURE_AUTORELEASING = YES;
				CLANG_WARN_BOOL_CONVERSION = YES;
				CLANG_WARN_COMMA = YES;
				CLANG_WARN_CONSTANT_CONVERSION = YES;
				CLANG_WARN_DEPRECATED_OBJC_IMPLEMENTATIONS = YES;
				CLANG_WARN_DIRECT_OBJC_ISA_USAGE = YES_ERROR;
				CLANG_WARN_DOCUMENTATION_COMMENTS = YES;
				CLANG_WARN_EMPTY_BODY = YES;
				CLANG_WARN_ENUM_CONVERSION = YES;
				CLANG_WARN_INFINITE_RECURSION = YES;
				CLANG_WARN_INT_CONVERSION = YES;
				CLANG_WARN_NON_LITERAL_NULL_CONVERSION = YES;
				CLANG_WARN_OBJC_IMPLICIT_RETAIN_SELF = YES;
				CLANG_WARN_OBJC_LITERAL_CONVERSION = YES;
				CLANG_WARN_OBJC_ROOT_CLASS = YES_ERROR;
				CLANG_WARN_RANGE_LOOP_ANALYSIS = YES;
				CLANG_WARN_STRICT_PROTOTYPES = YES;
				CLANG_WARN_SUSPICIOUS_MOVE = YES;
				CLANG_WARN_UNGUARDED_AVAILABILITY = YES_AGGRESSIVE;
				CLANG_WARN_UNREACHABLE_CODE = YES;
				CLANG_WARN__DUPLICATE_METHOD_MATCH = YES;
				COPY_PHASE_STRIP = NO;
				DEBUG_INFORMATION_FORMAT = "dwarf-with-dsym";
				ENABLE_NS_ASSERTIONS = NO;
				ENABLE_STRICT_OBJC_MSGSEND = YES;
				GCC_C_LANGUAGE_STANDARD = gnu11;
				GCC_NO_COMMON_BLOCKS = YES;
				GCC_WARN_64_TO_32_BIT_CONVERSION = YES;
				GCC_WARN_ABOUT_RETURN_TYPE = YES_ERROR;
				GCC_WARN_UNDECLARED_SELECTOR = YES;
				GCC_WARN_UNINITIALIZED_AUTOS = YES_AGGRESSIVE;
				GCC_WARN_UNUSED_FUNCTION = YES;
				GCC_WARN_UNUSED_VARIABLE = YES;
				IPHONEOS_DEPLOYMENT_TARGET = 13.2;
				MTL_ENABLE_DEBUG_INFO = NO;
				MTL_FAST_MATH = YES;
				SDKROOT = iphoneos;
				SWIFT_COMPILATION_MODE = wholemodule;
				SWIFT_OPTIMIZATION_LEVEL = "-O";
				VALIDATE_PRODUCT = YES;
			};
			name = Release;
		};
		71FEA31323D0ADF1002543FE /* Debug */ = {
			isa = XCBuildConfiguration;
			buildSettings = {
				ASSETCATALOG_COMPILER_APPICON_NAME = AppIcon;
				CODE_SIGN_STYLE = Automatic;
				DEVELOPMENT_TEAM = CUPVNHUL72;
				INFOPLIST_FILE = Fakiti/Info.plist;
				LD_RUNPATH_SEARCH_PATHS = (
					"$(inherited)",
					"@executable_path/Frameworks",
				);
				PRODUCT_BUNDLE_IDENTIFIER = com.stefan.Fakiti;
				PRODUCT_NAME = "$(TARGET_NAME)";
				SWIFT_VERSION = 5.0;
				TARGETED_DEVICE_FAMILY = "1,2";
			};
			name = Debug;
		};
		71FEA31423D0ADF1002543FE /* Release */ = {
			isa = XCBuildConfiguration;
			buildSettings = {
				ASSETCATALOG_COMPILER_APPICON_NAME = AppIcon;
				CODE_SIGN_STYLE = Automatic;
				DEVELOPMENT_TEAM = CUPVNHUL72;
				INFOPLIST_FILE = Fakiti/Info.plist;
				LD_RUNPATH_SEARCH_PATHS = (
					"$(inherited)",
					"@executable_path/Frameworks",
				);
				PRODUCT_BUNDLE_IDENTIFIER = com.stefan.Fakiti;
				PRODUCT_NAME = "$(TARGET_NAME)";
				SWIFT_VERSION = 5.0;
				TARGETED_DEVICE_FAMILY = "1,2";
			};
			name = Release;
		};
		71FEA31623D0ADF1002543FE /* Debug */ = {
			isa = XCBuildConfiguration;
			buildSettings = {
				ALWAYS_EMBED_SWIFT_STANDARD_LIBRARIES = YES;
				BUNDLE_LOADER = "$(TEST_HOST)";
				CODE_SIGN_STYLE = Automatic;
				DEVELOPMENT_TEAM = CUPVNHUL72;
				INFOPLIST_FILE = FakitiTests/Info.plist;
				IPHONEOS_DEPLOYMENT_TARGET = 13.2;
				LD_RUNPATH_SEARCH_PATHS = (
					"$(inherited)",
					"@executable_path/Frameworks",
					"@loader_path/Frameworks",
				);
				PRODUCT_BUNDLE_IDENTIFIER = com.stefan.FakitiTests;
				PRODUCT_NAME = "$(TARGET_NAME)";
				SWIFT_VERSION = 5.0;
				TARGETED_DEVICE_FAMILY = "1,2";
				TEST_HOST = "$(BUILT_PRODUCTS_DIR)/Fakiti.app/Fakiti";
			};
			name = Debug;
		};
		71FEA31723D0ADF1002543FE /* Release */ = {
			isa = XCBuildConfiguration;
			buildSettings = {
				ALWAYS_EMBED_SWIFT_STANDARD_LIBRARIES = YES;
				BUNDLE_LOADER = "$(TEST_HOST)";
				CODE_SIGN_STYLE = Automatic;
				DEVELOPMENT_TEAM = CUPVNHUL72;
				INFOPLIST_FILE = FakitiTests/Info.plist;
				IPHONEOS_DEPLOYMENT_TARGET = 13.2;
				LD_RUNPATH_SEARCH_PATHS = (
					"$(inherited)",
					"@executable_path/Frameworks",
					"@loader_path/Frameworks",
				);
				PRODUCT_BUNDLE_IDENTIFIER = com.stefan.FakitiTests;
				PRODUCT_NAME = "$(TARGET_NAME)";
				SWIFT_VERSION = 5.0;
				TARGETED_DEVICE_FAMILY = "1,2";
				TEST_HOST = "$(BUILT_PRODUCTS_DIR)/Fakiti.app/Fakiti";
			};
			name = Release;
		};
/* End XCBuildConfiguration section */

/* Begin XCConfigurationList section */
		71FEA2EB23D0ADEC002543FE /* Build configuration list for PBXProject "Fakiti" */ = {
			isa = XCConfigurationList;
			buildConfigurations = (
				71FEA31023D0ADF1002543FE /* Debug */,
				71FEA31123D0ADF1002543FE /* Release */,
			);
			defaultConfigurationIsVisible = 0;
			defaultConfigurationName = Release;
		};
		71FEA31223D0ADF1002543FE /* Build configuration list for PBXNativeTarget "Fakiti" */ = {
			isa = XCConfigurationList;
			buildConfigurations = (
				71FEA31323D0ADF1002543FE /* Debug */,
				71FEA31423D0ADF1002543FE /* Release */,
			);
			defaultConfigurationIsVisible = 0;
			defaultConfigurationName = Release;
		};
		71FEA31523D0ADF1002543FE /* Build configuration list for PBXNativeTarget "FakitiTests" */ = {
			isa = XCConfigurationList;
			buildConfigurations = (
				71FEA31623D0ADF1002543FE /* Debug */,
				71FEA31723D0ADF1002543FE /* Release */,
			);
			defaultConfigurationIsVisible = 0;
			defaultConfigurationName = Release;
		};
/* End XCConfigurationList section */

/* Begin XCVersionGroup section */
		71FEA2FC23D0ADEC002543FE /* Fakiti.xcdatamodeld */ = {
			isa = XCVersionGroup;
			children = (
				71FEA2FD23D0ADEC002543FE /* Fakiti.xcdatamodel */,
			);
			currentVersion = 71FEA2FD23D0ADEC002543FE /* Fakiti.xcdatamodel */;
			path = Fakiti.xcdatamodeld;
			sourceTree = "<group>";
			versionGroupType = wrapper.xcdatamodel;
		};
/* End XCVersionGroup section */
	};
	rootObject = 71FEA2E823D0ADEC002543FE /* Project object */;
}
